
Microsoft Visual Studio Solution File, Format Version 12.00
# Visual Studio Version 17
VisualStudioVersion = 17.8.34408.163
MinimumVisualStudioVersion = 10.0.40219.1
Project("{9A19103F-16F7-4668-BE54-9A1E7A4F7556}") = "RentCars", "RentCars\RentCars.csproj", "{FC87BEFB-273E-415B-8753-A577D2365FC5}"
EndProject
Project("{FAE04EC0-301F-11D3-BF4B-00C04F79EFBC}") = "RentCars.Test", "RentCars.Test\RentCars.Test.csproj", "{34B95C8F-2804-446A-9132-D978E0FB8140}"
EndProject
Global
	GlobalSection(SolutionConfigurationPlatforms) = preSolution
		Debug|Any CPU = Debug|Any CPU
		Release|Any CPU = Release|Any CPU
	EndGlobalSection
	GlobalSection(ProjectConfigurationPlatforms) = postSolution
		{FC87BEFB-273E-415B-8753-A577D2365FC5}.Debug|Any CPU.ActiveCfg = Debug|Any CPU
		{FC87BEFB-273E-415B-8753-A577D2365FC5}.Debug|Any CPU.Build.0 = Debug|Any CPU
		{FC87BEFB-273E-415B-8753-A577D2365FC5}.Release|Any CPU.ActiveCfg = Release|Any CPU
		{FC87BEFB-273E-415B-8753-A577D2365FC5}.Release|Any CPU.Build.0 = Release|Any CPU
		{34B95C8F-2804-446A-9132-D978E0FB8140}.Debug|Any CPU.ActiveCfg = Debug|Any CPU
		{34B95C8F-2804-446A-9132-D978E0FB8140}.Debug|Any CPU.Build.0 = Debug|Any CPU
		{34B95C8F-2804-446A-9132-D978E0FB8140}.Release|Any CPU.ActiveCfg = Release|Any CPU
		{34B95C8F-2804-446A-9132-D978E0FB8140}.Release|Any CPU.Build.0 = Release|Any CPU
	EndGlobalSection
	GlobalSection(SolutionProperties) = preSolution
		HideSolutionNode = FALSE
	EndGlobalSection
	GlobalSection(ExtensibilityGlobals) = postSolution
		SolutionGuid = {49B9E85E-B9A4-4A0E-9723-38092EE6883B}
	EndGlobalSection
EndGlobal
